{
  "name": "res-dynamic-typescript-parser",
  "lockfileVersion": 2,
  "requires": true,
  "packages": {
    "": {
      "name": "res-dynamic-typescript-parser",
      "license": "TBD",
      "dependencies": {
        "glo-pareto-common": "^0.32.0",
        "lib-xml4pareto": "^0.1.0",
        "pareto-core-internals": "^0.19.2",
        "typescript": "^5.0.4"
      },
      "devDependencies": {
        "@types/node": "^20.2.0"
      }
    },
    "node_modules/@types/node": {
      "version": "20.2.0",
      "resolved": "https://registry.npmjs.org/@types/node/-/node-20.2.0.tgz",
      "integrity": "sha512-3iD2jaCCziTx04uudpJKwe39QxXgSUnpxXSvRQjRvHPxFQfmfP4NXIm/NURVeNlTCc+ru4WqjYGTmpXrW9uMlw==",
      "dev": true
    },
    "node_modules/glo-pareto-common": {
      "version": "0.32.0",
      "resolved": "https://registry.npmjs.org/glo-pareto-common/-/glo-pareto-common-0.32.0.tgz",
      "integrity": "sha512-Z/BMXnwlp9yoKBiFR+KP3O00mzz5LVFhP3gva8yjs37G2kJWKjoYT4IlI31aF83zKdX2TS8+UwHJEj8tHCaMmg==",
      "dependencies": {
        "pareto-core-types": "^0.15.1"
      }
    },
    "node_modules/lib-fountain-pen": {
      "version": "0.74.0",
      "resolved": "https://registry.npmjs.org/lib-fountain-pen/-/lib-fountain-pen-0.74.0.tgz",
      "integrity": "sha512-jXIUwQ389Q13Loue0dA590ZAugsEMvtwlLFvN0u7+ZYdSHrLXq/eQwLMog52HqLccymSdtG0XlA7AOw8/CllUA==",
      "dependencies": {
        "glo-pareto-common": "^0.30.0",
        "lib-pareto-filesystem": "^0.50.0",
        "pareto-core-async": "^0.13.0",
        "pareto-core-data": "^0.6.0",
        "pareto-core-dev": "^0.6.0",
        "pareto-core-lib": "^0.25.0",
        "pareto-core-map": "^0.6.0",
        "pareto-core-state": "^0.19.0",
        "res-pareto-tostring": "^0.33.0"
      }
    },
    "node_modules/lib-fountain-pen/node_modules/glo-pareto-common": {
      "version": "0.30.0",
      "resolved": "https://registry.npmjs.org/glo-pareto-common/-/glo-pareto-common-0.30.0.tgz",
      "integrity": "sha512-Bkfawb0HeCQAVrL26Jv9qmF0zyDUGeU4h1qf2Yn5nY0u5zRIQgZFfjCkhSrSuquUAEU/GzAl5NSaUOKSLOU9lw==",
      "dependencies": {
        "pareto-core-types": "^0.15.0"
      }
    },
    "node_modules/lib-pareto-filesystem": {
      "version": "0.50.0",
      "resolved": "https://registry.npmjs.org/lib-pareto-filesystem/-/lib-pareto-filesystem-0.50.0.tgz",
      "integrity": "sha512-SPQDrOCbV36EvJHwHE9RpqB7hsztbyqDspxzeBaB36yEDhbrudTnigjMSFxhoN2y/lZjgOhHNRE9aaLzVK6jkQ==",
      "dependencies": {
        "pareto-core-async": "^0.13.0",
        "pareto-core-data": "^0.6.0",
        "pareto-core-dev": "^0.6.0",
        "pareto-core-lib": "^0.25.0",
        "pareto-core-map": "^0.6.0",
        "pareto-core-state": "^0.19.0",
        "res-pareto-filesystem": "^0.68.0"
      }
    },
    "node_modules/lib-xml4pareto": {
      "version": "0.1.0",
      "resolved": "https://registry.npmjs.org/lib-xml4pareto/-/lib-xml4pareto-0.1.0.tgz",
      "integrity": "sha512-HhlsedqcNq3c+t0MrKvIkbxpUcxbQs2R5lGpSZfRNP1PxYdXF7OsznAcaDgLzklrKSnpvvMy7A8GwnQbiFkFwQ==",
      "dependencies": {
        "glo-pareto-common": "^0.31.0",
        "lib-fountain-pen": "^0.74.0",
        "pareto-core-async": "^0.13.0",
        "pareto-core-data": "^0.6.0",
        "pareto-core-dev": "^0.6.0",
        "pareto-core-lib": "^0.25.0",
        "pareto-core-map": "^0.6.0",
        "pareto-core-state": "^0.19.0"
      }
    },
    "node_modules/lib-xml4pareto/node_modules/glo-pareto-common": {
      "version": "0.31.0",
      "resolved": "https://registry.npmjs.org/glo-pareto-common/-/glo-pareto-common-0.31.0.tgz",
      "integrity": "sha512-x0bblLec8hfVY1J2FEiYBmTsf+0XVCJFTL4lbB3dm0eD9bDwICJiKdy6OsCBjsCGqUWbVo12g/wgVeffPF7ZcQ==",
      "dependencies": {
        "pareto-core-types": "^0.15.0"
      }
    },
    "node_modules/pareto-core-async": {
      "version": "0.13.1",
      "resolved": "https://registry.npmjs.org/pareto-core-async/-/pareto-core-async-0.13.1.tgz",
      "integrity": "sha512-nLhPzMApvYRPjfBoKWdrvaN6kp8T2AFUnkQ9xh0VUuXiDnD4+IgarY9SXkwJNoDHXxp1lCp+RxA0q7Rna0gJFw==",
      "dependencies": {
        "pareto-core-internals": "^0.19.2"
      }
    },
    "node_modules/pareto-core-data": {
      "version": "0.6.1",
      "resolved": "https://registry.npmjs.org/pareto-core-data/-/pareto-core-data-0.6.1.tgz",
      "integrity": "sha512-9vw6r0q4AjmTzCtJ0W6NtQRz4LjpTwxZMQeDymSMBIfi0HrGQul15RcEOdYOndqgPmT9Ecx/kD0x7Urzy06lbQ==",
      "dependencies": {
        "pareto-core-internals": "^0.19.2"
      }
    },
    "node_modules/pareto-core-dev": {
      "version": "0.6.1",
      "resolved": "https://registry.npmjs.org/pareto-core-dev/-/pareto-core-dev-0.6.1.tgz",
      "integrity": "sha512-+mI3Pb5LBjJMw+Q9l+MZQVy23bZzUb2GomrUDrsqZgS5892lOvBfwNMpgOerW/VFs2HnrpW0z6qR6Xy9dNqBxw==",
      "dependencies": {
        "pareto-core-internals": "^0.19.2"
      }
    },
    "node_modules/pareto-core-internals": {
      "version": "0.19.2",
      "resolved": "https://registry.npmjs.org/pareto-core-internals/-/pareto-core-internals-0.19.2.tgz",
      "integrity": "sha512-xlQeRYuHIN/d2ycc6722/Z3bgiVf8+XI5T6w7VcHkv01Q4kXXujk3biMV9Wi/Tjnd1lSHp5hRBHQMS9+6rRUVg==",
      "dependencies": {
        "pareto-core-types": "^0.15.0"
      }
    },
    "node_modules/pareto-core-lib": {
      "version": "0.25.1",
      "resolved": "https://registry.npmjs.org/pareto-core-lib/-/pareto-core-lib-0.25.1.tgz",
      "integrity": "sha512-Xk7itf67iDZcHIIlzKE1JZVCxgpDt5bHBWXaenxaivF/x2BKjyQTYc/q15YoYHY97BLnHU7iU6McRkAjgzQcwg==",
      "dependencies": {
        "pareto-core-internals": "^0.19.2"
      }
    },
    "node_modules/pareto-core-map": {
      "version": "0.6.1",
      "resolved": "https://registry.npmjs.org/pareto-core-map/-/pareto-core-map-0.6.1.tgz",
      "integrity": "sha512-R2gw9QnWw+dL/cqqfLjkhtDfDvqaEjl7Kia++D7Xl1fh0gpdFhT5E6+qLInyIitdVw+HHq7o8mFRT43T1rOQKg==",
      "dependencies": {
        "pareto-core-internals": "^0.19.2"
      }
    },
    "node_modules/pareto-core-state": {
      "version": "0.19.1",
      "resolved": "https://registry.npmjs.org/pareto-core-state/-/pareto-core-state-0.19.1.tgz",
      "integrity": "sha512-usedIa6rQ2TDnCsZAsWRcA0Mi9QGo8a7uBJEv/ayFlKZJZ5oFqNs9yvMmLICcUVGsS7ad76LGWNIRrrdda0JhA==",
      "dependencies": {
        "pareto-core-internals": "^0.19.2"
      }
    },
    "node_modules/pareto-core-types": {
      "version": "0.15.1",
      "resolved": "https://registry.npmjs.org/pareto-core-types/-/pareto-core-types-0.15.1.tgz",
      "integrity": "sha512-T0cu2sEXolEC/hevsCZHlLHl2zLRMl0P4SUvZHrPE5c7gtfvoFA54vsXdALEMUdiyZAmEzr10sjulCOyZ/AMUA=="
    },
    "node_modules/res-pareto-filesystem": {
      "version": "0.68.0",
      "resolved": "https://registry.npmjs.org/res-pareto-filesystem/-/res-pareto-filesystem-0.68.0.tgz",
      "integrity": "sha512-zvqPzVzkF/4BuA4qct7dWzbATREHRkxAsNTzrXhy4y0QEui2ek2yMK9OulOAyws0rAM1fEkj7l3ooWV3vGFNCw==",
      "dependencies": {
        "glo-pareto-common": "^0.30.0",
        "pareto-core-internals": "^0.17.0"
      }
    },
    "node_modules/res-pareto-filesystem/node_modules/glo-pareto-common": {
      "version": "0.30.0",
      "resolved": "https://registry.npmjs.org/glo-pareto-common/-/glo-pareto-common-0.30.0.tgz",
      "integrity": "sha512-Bkfawb0HeCQAVrL26Jv9qmF0zyDUGeU4h1qf2Yn5nY0u5zRIQgZFfjCkhSrSuquUAEU/GzAl5NSaUOKSLOU9lw==",
      "dependencies": {
        "pareto-core-types": "^0.15.0"
      }
    },
    "node_modules/res-pareto-filesystem/node_modules/pareto-core-internals": {
      "version": "0.17.3",
      "resolved": "https://registry.npmjs.org/pareto-core-internals/-/pareto-core-internals-0.17.3.tgz",
      "integrity": "sha512-qe4NOO2qJAZMxselC26mpM0N9XTA0NNbm6GOtOeX62VmxU85DYlwpPeYvkggkqNvmZJGATUYOSXRTrl+Y16Nyg==",
      "dependencies": {
        "pareto-core-types": "^0.15.0"
      }
    },
    "node_modules/res-pareto-tostring": {
      "version": "0.33.0",
      "resolved": "https://registry.npmjs.org/res-pareto-tostring/-/res-pareto-tostring-0.33.0.tgz",
      "integrity": "sha512-TjDOrxyjndDVJfm/wIVqDNRRBzwSO1hXDVISqXwJuMsQzj7OhekXr9tX/7BcvFSgZKp1wPYlPhfXeqWvof8d1Q==",
      "dependencies": {
        "glo-pareto-common": "^0.30.0",
        "pareto-core-internals": "^0.17.0"
      }
    },
    "node_modules/res-pareto-tostring/node_modules/glo-pareto-common": {
      "version": "0.30.0",
      "resolved": "https://registry.npmjs.org/glo-pareto-common/-/glo-pareto-common-0.30.0.tgz",
      "integrity": "sha512-Bkfawb0HeCQAVrL26Jv9qmF0zyDUGeU4h1qf2Yn5nY0u5zRIQgZFfjCkhSrSuquUAEU/GzAl5NSaUOKSLOU9lw==",
      "dependencies": {
        "pareto-core-types": "^0.15.0"
      }
    },
    "node_modules/res-pareto-tostring/node_modules/pareto-core-internals": {
      "version": "0.17.3",
      "resolved": "https://registry.npmjs.org/pareto-core-internals/-/pareto-core-internals-0.17.3.tgz",
      "integrity": "sha512-qe4NOO2qJAZMxselC26mpM0N9XTA0NNbm6GOtOeX62VmxU85DYlwpPeYvkggkqNvmZJGATUYOSXRTrl+Y16Nyg==",
      "dependencies": {
        "pareto-core-types": "^0.15.0"
      }
    },
    "node_modules/typescript": {
      "version": "5.0.4",
      "resolved": "https://registry.npmjs.org/typescript/-/typescript-5.0.4.tgz",
      "integrity": "sha512-cW9T5W9xY37cc+jfEnaUvX91foxtHkza3Nw3wkoF4sSlKn0MONdkdEndig/qPBWXNkmplh3NzayQzCiHM4/hqw==",
      "bin": {
        "tsc": "bin/tsc",
        "tsserver": "bin/tsserver"
      },
      "engines": {
        "node": ">=12.20"
      }
    }
  },
  "dependencies": {
    "@types/node": {
      "version": "20.2.0",
      "resolved": "https://registry.npmjs.org/@types/node/-/node-20.2.0.tgz",
      "integrity": "sha512-3iD2jaCCziTx04uudpJKwe39QxXgSUnpxXSvRQjRvHPxFQfmfP4NXIm/NURVeNlTCc+ru4WqjYGTmpXrW9uMlw==",
      "dev": true
    },
    "glo-pareto-common": {
      "version": "0.32.0",
      "resolved": "https://registry.npmjs.org/glo-pareto-common/-/glo-pareto-common-0.32.0.tgz",
      "integrity": "sha512-Z/BMXnwlp9yoKBiFR+KP3O00mzz5LVFhP3gva8yjs37G2kJWKjoYT4IlI31aF83zKdX2TS8+UwHJEj8tHCaMmg==",
      "requires": {
        "pareto-core-types": "^0.15.1"
      }
    },
    "lib-fountain-pen": {
      "version": "0.74.0",
      "resolved": "https://registry.npmjs.org/lib-fountain-pen/-/lib-fountain-pen-0.74.0.tgz",
      "integrity": "sha512-jXIUwQ389Q13Loue0dA590ZAugsEMvtwlLFvN0u7+ZYdSHrLXq/eQwLMog52HqLccymSdtG0XlA7AOw8/CllUA==",
      "requires": {
        "glo-pareto-common": "^0.30.0",
        "lib-pareto-filesystem": "^0.50.0",
        "pareto-core-async": "^0.13.0",
        "pareto-core-data": "^0.6.0",
        "pareto-core-dev": "^0.6.0",
        "pareto-core-lib": "^0.25.0",
        "pareto-core-map": "^0.6.0",
        "pareto-core-state": "^0.19.0",
        "res-pareto-tostring": "^0.33.0"
      },
      "dependencies": {
        "glo-pareto-common": {
          "version": "0.30.0",
          "resolved": "https://registry.npmjs.org/glo-pareto-common/-/glo-pareto-common-0.30.0.tgz",
          "integrity": "sha512-Bkfawb0HeCQAVrL26Jv9qmF0zyDUGeU4h1qf2Yn5nY0u5zRIQgZFfjCkhSrSuquUAEU/GzAl5NSaUOKSLOU9lw==",
          "requires": {
            "pareto-core-types": "^0.15.0"
          }
        }
      }
    },
    "lib-pareto-filesystem": {
      "version": "0.50.0",
      "resolved": "https://registry.npmjs.org/lib-pareto-filesystem/-/lib-pareto-filesystem-0.50.0.tgz",
      "integrity": "sha512-SPQDrOCbV36EvJHwHE9RpqB7hsztbyqDspxzeBaB36yEDhbrudTnigjMSFxhoN2y/lZjgOhHNRE9aaLzVK6jkQ==",
      "requires": {
        "pareto-core-async": "^0.13.0",
        "pareto-core-data": "^0.6.0",
        "pareto-core-dev": "^0.6.0",
        "pareto-core-lib": "^0.25.0",
        "pareto-core-map": "^0.6.0",
        "pareto-core-state": "^0.19.0",
        "res-pareto-filesystem": "^0.68.0"
      }
    },
    "lib-xml4pareto": {
      "version": "0.1.0",
      "resolved": "https://registry.npmjs.org/lib-xml4pareto/-/lib-xml4pareto-0.1.0.tgz",
      "integrity": "sha512-HhlsedqcNq3c+t0MrKvIkbxpUcxbQs2R5lGpSZfRNP1PxYdXF7OsznAcaDgLzklrKSnpvvMy7A8GwnQbiFkFwQ==",
      "requires": {
        "glo-pareto-common": "^0.31.0",
        "lib-fountain-pen": "^0.74.0",
        "pareto-core-async": "^0.13.0",
        "pareto-core-data": "^0.6.0",
        "pareto-core-dev": "^0.6.0",
        "pareto-core-lib": "^0.25.0",
        "pareto-core-map": "^0.6.0",
        "pareto-core-state": "^0.19.0"
      },
      "dependencies": {
        "glo-pareto-common": {
          "version": "0.31.0",
          "resolved": "https://registry.npmjs.org/glo-pareto-common/-/glo-pareto-common-0.31.0.tgz",
          "integrity": "sha512-x0bblLec8hfVY1J2FEiYBmTsf+0XVCJFTL4lbB3dm0eD9bDwICJiKdy6OsCBjsCGqUWbVo12g/wgVeffPF7ZcQ==",
          "requires": {
            "pareto-core-types": "^0.15.0"
          }
        }
      }
    },
    "pareto-core-async": {
      "version": "0.13.1",
      "resolved": "https://registry.npmjs.org/pareto-core-async/-/pareto-core-async-0.13.1.tgz",
      "integrity": "sha512-nLhPzMApvYRPjfBoKWdrvaN6kp8T2AFUnkQ9xh0VUuXiDnD4+IgarY9SXkwJNoDHXxp1lCp+RxA0q7Rna0gJFw==",
      "requires": {
        "pareto-core-internals": "^0.19.2"
      }
    },
    "pareto-core-data": {
      "version": "0.6.1",
      "resolved": "https://registry.npmjs.org/pareto-core-data/-/pareto-core-data-0.6.1.tgz",
      "integrity": "sha512-9vw6r0q4AjmTzCtJ0W6NtQRz4LjpTwxZMQeDymSMBIfi0HrGQul15RcEOdYOndqgPmT9Ecx/kD0x7Urzy06lbQ==",
      "requires": {
        "pareto-core-internals": "^0.19.2"
      }
    },
    "pareto-core-dev": {
      "version": "0.6.1",
      "resolved": "https://registry.npmjs.org/pareto-core-dev/-/pareto-core-dev-0.6.1.tgz",
      "integrity": "sha512-+mI3Pb5LBjJMw+Q9l+MZQVy23bZzUb2GomrUDrsqZgS5892lOvBfwNMpgOerW/VFs2HnrpW0z6qR6Xy9dNqBxw==",
      "requires": {
        "pareto-core-internals": "^0.19.2"
      }
    },
    "pareto-core-internals": {
      "version": "0.19.2",
      "resolved": "https://registry.npmjs.org/pareto-core-internals/-/pareto-core-internals-0.19.2.tgz",
      "integrity": "sha512-xlQeRYuHIN/d2ycc6722/Z3bgiVf8+XI5T6w7VcHkv01Q4kXXujk3biMV9Wi/Tjnd1lSHp5hRBHQMS9+6rRUVg==",
      "requires": {
        "pareto-core-types": "^0.15.0"
      }
    },
    "pareto-core-lib": {
      "version": "0.25.1",
      "resolved": "https://registry.npmjs.org/pareto-core-lib/-/pareto-core-lib-0.25.1.tgz",
      "integrity": "sha512-Xk7itf67iDZcHIIlzKE1JZVCxgpDt5bHBWXaenxaivF/x2BKjyQTYc/q15YoYHY97BLnHU7iU6McRkAjgzQcwg==",
      "requires": {
        "pareto-core-internals": "^0.19.2"
      }
    },
    "pareto-core-map": {
      "version": "0.6.1",
      "resolved": "https://registry.npmjs.org/pareto-core-map/-/pareto-core-map-0.6.1.tgz",
      "integrity": "sha512-R2gw9QnWw+dL/cqqfLjkhtDfDvqaEjl7Kia++D7Xl1fh0gpdFhT5E6+qLInyIitdVw+HHq7o8mFRT43T1rOQKg==",
      "requires": {
        "pareto-core-internals": "^0.19.2"
      }
    },
    "pareto-core-state": {
      "version": "0.19.1",
      "resolved": "https://registry.npmjs.org/pareto-core-state/-/pareto-core-state-0.19.1.tgz",
      "integrity": "sha512-usedIa6rQ2TDnCsZAsWRcA0Mi9QGo8a7uBJEv/ayFlKZJZ5oFqNs9yvMmLICcUVGsS7ad76LGWNIRrrdda0JhA==",
      "requires": {
        "pareto-core-internals": "^0.19.2"
      }
    },
    "pareto-core-types": {
      "version": "0.15.1",
      "resolved": "https://registry.npmjs.org/pareto-core-types/-/pareto-core-types-0.15.1.tgz",
      "integrity": "sha512-T0cu2sEXolEC/hevsCZHlLHl2zLRMl0P4SUvZHrPE5c7gtfvoFA54vsXdALEMUdiyZAmEzr10sjulCOyZ/AMUA=="
    },
    "res-pareto-filesystem": {
      "version": "0.68.0",
      "resolved": "https://registry.npmjs.org/res-pareto-filesystem/-/res-pareto-filesystem-0.68.0.tgz",
      "integrity": "sha512-zvqPzVzkF/4BuA4qct7dWzbATREHRkxAsNTzrXhy4y0QEui2ek2yMK9OulOAyws0rAM1fEkj7l3ooWV3vGFNCw==",
      "requires": {
        "glo-pareto-common": "^0.30.0",
        "pareto-core-internals": "^0.17.0"
      },
      "dependencies": {
        "glo-pareto-common": {
          "version": "0.30.0",
          "resolved": "https://registry.npmjs.org/glo-pareto-common/-/glo-pareto-common-0.30.0.tgz",
          "integrity": "sha512-Bkfawb0HeCQAVrL26Jv9qmF0zyDUGeU4h1qf2Yn5nY0u5zRIQgZFfjCkhSrSuquUAEU/GzAl5NSaUOKSLOU9lw==",
          "requires": {
            "pareto-core-types": "^0.15.0"
          }
        },
        "pareto-core-internals": {
          "version": "0.17.3",
          "resolved": "https://registry.npmjs.org/pareto-core-internals/-/pareto-core-internals-0.17.3.tgz",
          "integrity": "sha512-qe4NOO2qJAZMxselC26mpM0N9XTA0NNbm6GOtOeX62VmxU85DYlwpPeYvkggkqNvmZJGATUYOSXRTrl+Y16Nyg==",
          "requires": {
            "pareto-core-types": "^0.15.0"
          }
        }
      }
    },
    "res-pareto-tostring": {
      "version": "0.33.0",
      "resolved": "https://registry.npmjs.org/res-pareto-tostring/-/res-pareto-tostring-0.33.0.tgz",
      "integrity": "sha512-TjDOrxyjndDVJfm/wIVqDNRRBzwSO1hXDVISqXwJuMsQzj7OhekXr9tX/7BcvFSgZKp1wPYlPhfXeqWvof8d1Q==",
      "requires": {
        "glo-pareto-common": "^0.30.0",
        "pareto-core-internals": "^0.17.0"
      },
      "dependencies": {
        "glo-pareto-common": {
          "version": "0.30.0",
          "resolved": "https://registry.npmjs.org/glo-pareto-common/-/glo-pareto-common-0.30.0.tgz",
          "integrity": "sha512-Bkfawb0HeCQAVrL26Jv9qmF0zyDUGeU4h1qf2Yn5nY0u5zRIQgZFfjCkhSrSuquUAEU/GzAl5NSaUOKSLOU9lw==",
          "requires": {
            "pareto-core-types": "^0.15.0"
          }
        },
        "pareto-core-internals": {
          "version": "0.17.3",
          "resolved": "https://registry.npmjs.org/pareto-core-internals/-/pareto-core-internals-0.17.3.tgz",
          "integrity": "sha512-qe4NOO2qJAZMxselC26mpM0N9XTA0NNbm6GOtOeX62VmxU85DYlwpPeYvkggkqNvmZJGATUYOSXRTrl+Y16Nyg==",
          "requires": {
            "pareto-core-types": "^0.15.0"
          }
        }
      }
    },
    "typescript": {
      "version": "5.0.4",
      "resolved": "https://registry.npmjs.org/typescript/-/typescript-5.0.4.tgz",
      "integrity": "sha512-cW9T5W9xY37cc+jfEnaUvX91foxtHkza3Nw3wkoF4sSlKn0MONdkdEndig/qPBWXNkmplh3NzayQzCiHM4/hqw=="
    }
  }
}
