{
  "name": "res-dynamic-typescript-parser",
  "lockfileVersion": 3,
  "requires": true,
  "packages": {
    "": {
      "name": "res-dynamic-typescript-parser",
      "license": "TBD",
      "dependencies": {
        "glo-pareto-common": "^0.33.0",
        "lib-xml4pareto": "^0.1.0",
        "pareto-core-internals": "^0.22.2",
        "typescript": "^5.6.2"
      },
      "devDependencies": {
        "@types/node": "^22.5.5"
      }
    },
    "node_modules/@types/node": {
      "version": "22.5.5",
      "resolved": "https://registry.npmjs.org/@types/node/-/node-22.5.5.tgz",
      "integrity": "sha512-Xjs4y5UPO/CLdzpgR6GirZJx36yScjh73+2NlLlkFRSoQN8B0DpfXPdZGnvVmLRLOsqDpOfTNv7D9trgGhmOIA==",
      "dev": true,
      "license": "MIT",
      "dependencies": {
        "undici-types": "~6.19.2"
      }
    },
    "node_modules/glo-pareto-common": {
      "version": "0.33.0",
      "resolved": "https://registry.npmjs.org/glo-pareto-common/-/glo-pareto-common-0.33.0.tgz",
      "integrity": "sha512-nYqdzHXomIJcPkPxbLkt9Gnoj/YnW4NHTkYxMiEBbqV86uNsGU1nC7gY3vbdlcBLKBSJKUxjmviOjPn+pckCCw==",
      "license": "TBD",
      "dependencies": {
        "pareto-core-types": "^0.16.2"
      }
    },
    "node_modules/lib-fountain-pen": {
      "version": "0.74.0",
      "resolved": "https://registry.npmjs.org/lib-fountain-pen/-/lib-fountain-pen-0.74.0.tgz",
      "integrity": "sha512-jXIUwQ389Q13Loue0dA590ZAugsEMvtwlLFvN0u7+ZYdSHrLXq/eQwLMog52HqLccymSdtG0XlA7AOw8/CllUA==",
      "license": "TBD",
      "dependencies": {
        "glo-pareto-common": "^0.30.0",
        "lib-pareto-filesystem": "^0.50.0",
        "pareto-core-async": "^0.13.0",
        "pareto-core-data": "^0.6.0",
        "pareto-core-dev": "^0.6.0",
        "pareto-core-lib": "^0.25.0",
        "pareto-core-map": "^0.6.0",
        "pareto-core-state": "^0.19.0",
        "res-pareto-tostring": "^0.33.0"
      }
    },
    "node_modules/lib-fountain-pen/node_modules/glo-pareto-common": {
      "version": "0.30.0",
      "resolved": "https://registry.npmjs.org/glo-pareto-common/-/glo-pareto-common-0.30.0.tgz",
      "integrity": "sha512-Bkfawb0HeCQAVrL26Jv9qmF0zyDUGeU4h1qf2Yn5nY0u5zRIQgZFfjCkhSrSuquUAEU/GzAl5NSaUOKSLOU9lw==",
      "license": "TBD",
      "dependencies": {
        "pareto-core-types": "^0.15.0"
      }
    },
    "node_modules/lib-fountain-pen/node_modules/pareto-core-types": {
      "version": "0.15.3",
      "resolved": "https://registry.npmjs.org/pareto-core-types/-/pareto-core-types-0.15.3.tgz",
      "integrity": "sha512-A3eAHNWfUwZpzX4SErEfiMNRTwTRMk7PXKOyUooVDAJCyfU1d6VDfDsh1hXac2clJTdI9axo8HhKYf2rGWqYqA==",
      "license": "ISC"
    },
    "node_modules/lib-pareto-filesystem": {
      "version": "0.50.0",
      "resolved": "https://registry.npmjs.org/lib-pareto-filesystem/-/lib-pareto-filesystem-0.50.0.tgz",
      "integrity": "sha512-SPQDrOCbV36EvJHwHE9RpqB7hsztbyqDspxzeBaB36yEDhbrudTnigjMSFxhoN2y/lZjgOhHNRE9aaLzVK6jkQ==",
      "license": "TBD",
      "dependencies": {
        "pareto-core-async": "^0.13.0",
        "pareto-core-data": "^0.6.0",
        "pareto-core-dev": "^0.6.0",
        "pareto-core-lib": "^0.25.0",
        "pareto-core-map": "^0.6.0",
        "pareto-core-state": "^0.19.0",
        "res-pareto-filesystem": "^0.68.0"
      }
    },
    "node_modules/lib-xml4pareto": {
      "version": "0.1.0",
      "resolved": "https://registry.npmjs.org/lib-xml4pareto/-/lib-xml4pareto-0.1.0.tgz",
      "integrity": "sha512-HhlsedqcNq3c+t0MrKvIkbxpUcxbQs2R5lGpSZfRNP1PxYdXF7OsznAcaDgLzklrKSnpvvMy7A8GwnQbiFkFwQ==",
      "license": "TBD",
      "dependencies": {
        "glo-pareto-common": "^0.31.0",
        "lib-fountain-pen": "^0.74.0",
        "pareto-core-async": "^0.13.0",
        "pareto-core-data": "^0.6.0",
        "pareto-core-dev": "^0.6.0",
        "pareto-core-lib": "^0.25.0",
        "pareto-core-map": "^0.6.0",
        "pareto-core-state": "^0.19.0"
      }
    },
    "node_modules/lib-xml4pareto/node_modules/glo-pareto-common": {
      "version": "0.31.0",
      "resolved": "https://registry.npmjs.org/glo-pareto-common/-/glo-pareto-common-0.31.0.tgz",
      "integrity": "sha512-x0bblLec8hfVY1J2FEiYBmTsf+0XVCJFTL4lbB3dm0eD9bDwICJiKdy6OsCBjsCGqUWbVo12g/wgVeffPF7ZcQ==",
      "license": "TBD",
      "dependencies": {
        "pareto-core-types": "^0.15.0"
      }
    },
    "node_modules/lib-xml4pareto/node_modules/pareto-core-types": {
      "version": "0.15.3",
      "resolved": "https://registry.npmjs.org/pareto-core-types/-/pareto-core-types-0.15.3.tgz",
      "integrity": "sha512-A3eAHNWfUwZpzX4SErEfiMNRTwTRMk7PXKOyUooVDAJCyfU1d6VDfDsh1hXac2clJTdI9axo8HhKYf2rGWqYqA==",
      "license": "ISC"
    },
    "node_modules/pareto-core-async": {
      "version": "0.13.1",
      "resolved": "https://registry.npmjs.org/pareto-core-async/-/pareto-core-async-0.13.1.tgz",
      "integrity": "sha512-nLhPzMApvYRPjfBoKWdrvaN6kp8T2AFUnkQ9xh0VUuXiDnD4+IgarY9SXkwJNoDHXxp1lCp+RxA0q7Rna0gJFw==",
      "license": "ISC",
      "dependencies": {
        "pareto-core-internals": "^0.19.2"
      }
    },
    "node_modules/pareto-core-async/node_modules/pareto-core-internals": {
      "version": "0.19.2",
      "resolved": "https://registry.npmjs.org/pareto-core-internals/-/pareto-core-internals-0.19.2.tgz",
      "integrity": "sha512-xlQeRYuHIN/d2ycc6722/Z3bgiVf8+XI5T6w7VcHkv01Q4kXXujk3biMV9Wi/Tjnd1lSHp5hRBHQMS9+6rRUVg==",
      "license": "ISC",
      "dependencies": {
        "pareto-core-types": "^0.15.0"
      }
    },
    "node_modules/pareto-core-async/node_modules/pareto-core-types": {
      "version": "0.15.3",
      "resolved": "https://registry.npmjs.org/pareto-core-types/-/pareto-core-types-0.15.3.tgz",
      "integrity": "sha512-A3eAHNWfUwZpzX4SErEfiMNRTwTRMk7PXKOyUooVDAJCyfU1d6VDfDsh1hXac2clJTdI9axo8HhKYf2rGWqYqA==",
      "license": "ISC"
    },
    "node_modules/pareto-core-data": {
      "version": "0.6.1",
      "resolved": "https://registry.npmjs.org/pareto-core-data/-/pareto-core-data-0.6.1.tgz",
      "integrity": "sha512-9vw6r0q4AjmTzCtJ0W6NtQRz4LjpTwxZMQeDymSMBIfi0HrGQul15RcEOdYOndqgPmT9Ecx/kD0x7Urzy06lbQ==",
      "license": "ISC",
      "dependencies": {
        "pareto-core-internals": "^0.19.2"
      }
    },
    "node_modules/pareto-core-data/node_modules/pareto-core-internals": {
      "version": "0.19.2",
      "resolved": "https://registry.npmjs.org/pareto-core-internals/-/pareto-core-internals-0.19.2.tgz",
      "integrity": "sha512-xlQeRYuHIN/d2ycc6722/Z3bgiVf8+XI5T6w7VcHkv01Q4kXXujk3biMV9Wi/Tjnd1lSHp5hRBHQMS9+6rRUVg==",
      "license": "ISC",
      "dependencies": {
        "pareto-core-types": "^0.15.0"
      }
    },
    "node_modules/pareto-core-data/node_modules/pareto-core-types": {
      "version": "0.15.3",
      "resolved": "https://registry.npmjs.org/pareto-core-types/-/pareto-core-types-0.15.3.tgz",
      "integrity": "sha512-A3eAHNWfUwZpzX4SErEfiMNRTwTRMk7PXKOyUooVDAJCyfU1d6VDfDsh1hXac2clJTdI9axo8HhKYf2rGWqYqA==",
      "license": "ISC"
    },
    "node_modules/pareto-core-dev": {
      "version": "0.6.1",
      "resolved": "https://registry.npmjs.org/pareto-core-dev/-/pareto-core-dev-0.6.1.tgz",
      "integrity": "sha512-+mI3Pb5LBjJMw+Q9l+MZQVy23bZzUb2GomrUDrsqZgS5892lOvBfwNMpgOerW/VFs2HnrpW0z6qR6Xy9dNqBxw==",
      "license": "ISC",
      "dependencies": {
        "pareto-core-internals": "^0.19.2"
      }
    },
    "node_modules/pareto-core-dev/node_modules/pareto-core-internals": {
      "version": "0.19.2",
      "resolved": "https://registry.npmjs.org/pareto-core-internals/-/pareto-core-internals-0.19.2.tgz",
      "integrity": "sha512-xlQeRYuHIN/d2ycc6722/Z3bgiVf8+XI5T6w7VcHkv01Q4kXXujk3biMV9Wi/Tjnd1lSHp5hRBHQMS9+6rRUVg==",
      "license": "ISC",
      "dependencies": {
        "pareto-core-types": "^0.15.0"
      }
    },
    "node_modules/pareto-core-dev/node_modules/pareto-core-types": {
      "version": "0.15.3",
      "resolved": "https://registry.npmjs.org/pareto-core-types/-/pareto-core-types-0.15.3.tgz",
      "integrity": "sha512-A3eAHNWfUwZpzX4SErEfiMNRTwTRMk7PXKOyUooVDAJCyfU1d6VDfDsh1hXac2clJTdI9axo8HhKYf2rGWqYqA==",
      "license": "ISC"
    },
    "node_modules/pareto-core-internals": {
      "version": "0.22.2",
      "resolved": "https://registry.npmjs.org/pareto-core-internals/-/pareto-core-internals-0.22.2.tgz",
      "integrity": "sha512-Uhg68zKwnmRLdcudNMwQ2BzxNCp4VABxSlG9K4Dha2ICgG/zUWWkksz7RoDWCLMMw5HziGeGa9Q1ckNYSPCS9A==",
      "license": "ISC",
      "dependencies": {
        "pareto-core-types": "^0.16.2"
      }
    },
    "node_modules/pareto-core-lib": {
      "version": "0.25.1",
      "resolved": "https://registry.npmjs.org/pareto-core-lib/-/pareto-core-lib-0.25.1.tgz",
      "integrity": "sha512-Xk7itf67iDZcHIIlzKE1JZVCxgpDt5bHBWXaenxaivF/x2BKjyQTYc/q15YoYHY97BLnHU7iU6McRkAjgzQcwg==",
      "license": "ISC",
      "dependencies": {
        "pareto-core-internals": "^0.19.2"
      }
    },
    "node_modules/pareto-core-lib/node_modules/pareto-core-internals": {
      "version": "0.19.2",
      "resolved": "https://registry.npmjs.org/pareto-core-internals/-/pareto-core-internals-0.19.2.tgz",
      "integrity": "sha512-xlQeRYuHIN/d2ycc6722/Z3bgiVf8+XI5T6w7VcHkv01Q4kXXujk3biMV9Wi/Tjnd1lSHp5hRBHQMS9+6rRUVg==",
      "license": "ISC",
      "dependencies": {
        "pareto-core-types": "^0.15.0"
      }
    },
    "node_modules/pareto-core-lib/node_modules/pareto-core-types": {
      "version": "0.15.3",
      "resolved": "https://registry.npmjs.org/pareto-core-types/-/pareto-core-types-0.15.3.tgz",
      "integrity": "sha512-A3eAHNWfUwZpzX4SErEfiMNRTwTRMk7PXKOyUooVDAJCyfU1d6VDfDsh1hXac2clJTdI9axo8HhKYf2rGWqYqA==",
      "license": "ISC"
    },
    "node_modules/pareto-core-map": {
      "version": "0.6.1",
      "resolved": "https://registry.npmjs.org/pareto-core-map/-/pareto-core-map-0.6.1.tgz",
      "integrity": "sha512-R2gw9QnWw+dL/cqqfLjkhtDfDvqaEjl7Kia++D7Xl1fh0gpdFhT5E6+qLInyIitdVw+HHq7o8mFRT43T1rOQKg==",
      "license": "ISC",
      "dependencies": {
        "pareto-core-internals": "^0.19.2"
      }
    },
    "node_modules/pareto-core-map/node_modules/pareto-core-internals": {
      "version": "0.19.2",
      "resolved": "https://registry.npmjs.org/pareto-core-internals/-/pareto-core-internals-0.19.2.tgz",
      "integrity": "sha512-xlQeRYuHIN/d2ycc6722/Z3bgiVf8+XI5T6w7VcHkv01Q4kXXujk3biMV9Wi/Tjnd1lSHp5hRBHQMS9+6rRUVg==",
      "license": "ISC",
      "dependencies": {
        "pareto-core-types": "^0.15.0"
      }
    },
    "node_modules/pareto-core-map/node_modules/pareto-core-types": {
      "version": "0.15.3",
      "resolved": "https://registry.npmjs.org/pareto-core-types/-/pareto-core-types-0.15.3.tgz",
      "integrity": "sha512-A3eAHNWfUwZpzX4SErEfiMNRTwTRMk7PXKOyUooVDAJCyfU1d6VDfDsh1hXac2clJTdI9axo8HhKYf2rGWqYqA==",
      "license": "ISC"
    },
    "node_modules/pareto-core-state": {
      "version": "0.19.1",
      "resolved": "https://registry.npmjs.org/pareto-core-state/-/pareto-core-state-0.19.1.tgz",
      "integrity": "sha512-usedIa6rQ2TDnCsZAsWRcA0Mi9QGo8a7uBJEv/ayFlKZJZ5oFqNs9yvMmLICcUVGsS7ad76LGWNIRrrdda0JhA==",
      "license": "ISC",
      "dependencies": {
        "pareto-core-internals": "^0.19.2"
      }
    },
    "node_modules/pareto-core-state/node_modules/pareto-core-internals": {
      "version": "0.19.2",
      "resolved": "https://registry.npmjs.org/pareto-core-internals/-/pareto-core-internals-0.19.2.tgz",
      "integrity": "sha512-xlQeRYuHIN/d2ycc6722/Z3bgiVf8+XI5T6w7VcHkv01Q4kXXujk3biMV9Wi/Tjnd1lSHp5hRBHQMS9+6rRUVg==",
      "license": "ISC",
      "dependencies": {
        "pareto-core-types": "^0.15.0"
      }
    },
    "node_modules/pareto-core-state/node_modules/pareto-core-types": {
      "version": "0.15.3",
      "resolved": "https://registry.npmjs.org/pareto-core-types/-/pareto-core-types-0.15.3.tgz",
      "integrity": "sha512-A3eAHNWfUwZpzX4SErEfiMNRTwTRMk7PXKOyUooVDAJCyfU1d6VDfDsh1hXac2clJTdI9axo8HhKYf2rGWqYqA==",
      "license": "ISC"
    },
    "node_modules/pareto-core-types": {
      "version": "0.16.3",
      "resolved": "https://registry.npmjs.org/pareto-core-types/-/pareto-core-types-0.16.3.tgz",
      "integrity": "sha512-dTCdDZ4woGJlQ0yJQ0wWrDt6few0lZMHQ5iBNTI33xQpK7V17QWX/AFTgbKJ3KOSU9Q6DMEi8iuQsXHB5PDnVg==",
      "license": "ISC"
    },
    "node_modules/res-pareto-filesystem": {
      "version": "0.68.0",
      "resolved": "https://registry.npmjs.org/res-pareto-filesystem/-/res-pareto-filesystem-0.68.0.tgz",
      "integrity": "sha512-zvqPzVzkF/4BuA4qct7dWzbATREHRkxAsNTzrXhy4y0QEui2ek2yMK9OulOAyws0rAM1fEkj7l3ooWV3vGFNCw==",
      "license": "TBD",
      "dependencies": {
        "glo-pareto-common": "^0.30.0",
        "pareto-core-internals": "^0.17.0"
      }
    },
    "node_modules/res-pareto-filesystem/node_modules/glo-pareto-common": {
      "version": "0.30.0",
      "resolved": "https://registry.npmjs.org/glo-pareto-common/-/glo-pareto-common-0.30.0.tgz",
      "integrity": "sha512-Bkfawb0HeCQAVrL26Jv9qmF0zyDUGeU4h1qf2Yn5nY0u5zRIQgZFfjCkhSrSuquUAEU/GzAl5NSaUOKSLOU9lw==",
      "license": "TBD",
      "dependencies": {
        "pareto-core-types": "^0.15.0"
      }
    },
    "node_modules/res-pareto-filesystem/node_modules/pareto-core-internals": {
      "version": "0.17.3",
      "resolved": "https://registry.npmjs.org/pareto-core-internals/-/pareto-core-internals-0.17.3.tgz",
      "integrity": "sha512-qe4NOO2qJAZMxselC26mpM0N9XTA0NNbm6GOtOeX62VmxU85DYlwpPeYvkggkqNvmZJGATUYOSXRTrl+Y16Nyg==",
      "license": "ISC",
      "dependencies": {
        "pareto-core-types": "^0.15.0"
      }
    },
    "node_modules/res-pareto-filesystem/node_modules/pareto-core-types": {
      "version": "0.15.3",
      "resolved": "https://registry.npmjs.org/pareto-core-types/-/pareto-core-types-0.15.3.tgz",
      "integrity": "sha512-A3eAHNWfUwZpzX4SErEfiMNRTwTRMk7PXKOyUooVDAJCyfU1d6VDfDsh1hXac2clJTdI9axo8HhKYf2rGWqYqA==",
      "license": "ISC"
    },
    "node_modules/res-pareto-tostring": {
      "version": "0.33.0",
      "resolved": "https://registry.npmjs.org/res-pareto-tostring/-/res-pareto-tostring-0.33.0.tgz",
      "integrity": "sha512-TjDOrxyjndDVJfm/wIVqDNRRBzwSO1hXDVISqXwJuMsQzj7OhekXr9tX/7BcvFSgZKp1wPYlPhfXeqWvof8d1Q==",
      "license": "TBD",
      "dependencies": {
        "glo-pareto-common": "^0.30.0",
        "pareto-core-internals": "^0.17.0"
      }
    },
    "node_modules/res-pareto-tostring/node_modules/glo-pareto-common": {
      "version": "0.30.0",
      "resolved": "https://registry.npmjs.org/glo-pareto-common/-/glo-pareto-common-0.30.0.tgz",
      "integrity": "sha512-Bkfawb0HeCQAVrL26Jv9qmF0zyDUGeU4h1qf2Yn5nY0u5zRIQgZFfjCkhSrSuquUAEU/GzAl5NSaUOKSLOU9lw==",
      "license": "TBD",
      "dependencies": {
        "pareto-core-types": "^0.15.0"
      }
    },
    "node_modules/res-pareto-tostring/node_modules/pareto-core-internals": {
      "version": "0.17.3",
      "resolved": "https://registry.npmjs.org/pareto-core-internals/-/pareto-core-internals-0.17.3.tgz",
      "integrity": "sha512-qe4NOO2qJAZMxselC26mpM0N9XTA0NNbm6GOtOeX62VmxU85DYlwpPeYvkggkqNvmZJGATUYOSXRTrl+Y16Nyg==",
      "license": "ISC",
      "dependencies": {
        "pareto-core-types": "^0.15.0"
      }
    },
    "node_modules/res-pareto-tostring/node_modules/pareto-core-types": {
      "version": "0.15.3",
      "resolved": "https://registry.npmjs.org/pareto-core-types/-/pareto-core-types-0.15.3.tgz",
      "integrity": "sha512-A3eAHNWfUwZpzX4SErEfiMNRTwTRMk7PXKOyUooVDAJCyfU1d6VDfDsh1hXac2clJTdI9axo8HhKYf2rGWqYqA==",
      "license": "ISC"
    },
    "node_modules/typescript": {
      "version": "5.6.2",
      "resolved": "https://registry.npmjs.org/typescript/-/typescript-5.6.2.tgz",
      "integrity": "sha512-NW8ByodCSNCwZeghjN3o+JX5OFH0Ojg6sadjEKY4huZ52TqbJTJnDo5+Tw98lSy63NZvi4n+ez5m2u5d4PkZyw==",
      "license": "Apache-2.0",
      "bin": {
        "tsc": "bin/tsc",
        "tsserver": "bin/tsserver"
      },
      "engines": {
        "node": ">=14.17"
      }
    },
    "node_modules/undici-types": {
      "version": "6.19.8",
      "resolved": "https://registry.npmjs.org/undici-types/-/undici-types-6.19.8.tgz",
      "integrity": "sha512-ve2KP6f/JnbPBFyobGHuerC9g1FYGn/F8n1LWTwNxCEzd6IfqTwUQcNXgEtmmQ6DlRrC1hrSrBnCZPokRrDHjw==",
      "dev": true,
      "license": "MIT"
    }
  }
}
